
Microsoft Visual Studio Solution File, Format Version 12.00
# Visual Studio Version 16
VisualStudioVersion = 16.0.31112.23
MinimumVisualStudioVersion = 10.0.40219.1
Project("{FAE04EC0-301F-11D3-BF4B-00C04F79EFBC}") = "Tugas4PBKK", "Tugas4PBKK\Tugas4PBKK.csproj", "{E69312C9-96E1-44CB-8CAA-237E09DFE433}"
EndProject
Global
	GlobalSection(SolutionConfigurationPlatforms) = preSolution
		Debug|Any CPU = Debug|Any CPU
		Release|Any CPU = Release|Any CPU
	EndGlobalSection
	GlobalSection(ProjectConfigurationPlatforms) = postSolution
		{E69312C9-96E1-44CB-8CAA-237E09DFE433}.Debug|Any CPU.ActiveCfg = Debug|Any CPU
		{E69312C9-96E1-44CB-8CAA-237E09DFE433}.Debug|Any CPU.Build.0 = Debug|Any CPU
		{E69312C9-96E1-44CB-8CAA-237E09DFE433}.Release|Any CPU.ActiveCfg = Release|Any CPU
		{E69312C9-96E1-44CB-8CAA-237E09DFE433}.Release|Any CPU.Build.0 = Release|Any CPU
	EndGlobalSection
	GlobalSection(SolutionProperties) = preSolution
		HideSolutionNode = FALSE
	EndGlobalSection
	GlobalSection(ExtensibilityGlobals) = postSolution
		SolutionGuid = {C5BF6194-B20F-4D2A-A569-79C01DB4C118}
	EndGlobalSection
EndGlobal
